<?xml version="1.0" encoding="utf-8"?>
<Project ToolsVersion="4.0" xmlns="http://schemas.microsoft.com/developer/msbuild/2003">
  <ItemGroup>
    <Filter Include="Source Files">
      <UniqueIdentifier>{4FC737F1-C7A5-4376-A066-2A32D752A2FF}</UniqueIdentifier>
      <Extensions>cpp;c;cc;cxx;def;odl;idl;hpj;bat;asm;asmx</Extensions>
    </Filter>
    <Filter Include="Header Files">
      <UniqueIdentifier>{93995380-89BD-4b04-88EB-625FBE52EBFB}</UniqueIdentifier>
      <Extensions>h;hh;hpp;hxx;hm;inl;inc;xsd</Extensions>
    </Filter>
    <Filter Include="Resource Files">
      <UniqueIdentifier>{67DA6AB6-F800-4c08-8B7A-83BB121AAD01}</UniqueIdentifier>
      <Extensions>rc;ico;cur;bmp;dlg;rc2;rct;bin;rgs;gif;jpg;jpeg;jpe;resx;tiff;tif;png;wav;mfcribbon-ms</Extensions>
    </Filter>
    <Filter Include="Header Files\libgcc">
      <UniqueIdentifier>{4b29570a-f39e-43f7-be20-affe3a54ead9}</UniqueIdentifier>
    </Filter>
    <Filter Include="Header Files\bits">
      <UniqueIdentifier>{a5b495f9-e189-412c-a00b-36431ab1a6bb}</UniqueIdentifier>
    </Filter>
    <Filter Include="Header Files\my">
      <UniqueIdentifier>{7c86a9ad-2e88-4074-80ee-53bd230c6285}</UniqueIdentifier>
    </Filter>
    <Filter Include="Header Files\oslib">
      <UniqueIdentifier>{1afa0a7b-d3d1-435b-a404-5e42c1cf5789}</UniqueIdentifier>
    </Filter>
    <Filter Include="Header Files\sys">
      <UniqueIdentifier>{4fd2080e-5cf0-4b29-96cd-e84fbac3046e}</UniqueIdentifier>
    </Filter>
    <Filter Include="Header Files\warp">
      <UniqueIdentifier>{285de821-0d94-4631-92ad-438bf185ba46}</UniqueIdentifier>
    </Filter>
    <Filter Include="Header Files\v7">
      <UniqueIdentifier>{40bb946d-1e99-4d95-bd49-ebcec25e3054}</UniqueIdentifier>
    </Filter>
    <Filter Include="Source Files\core">
      <UniqueIdentifier>{a2fe965a-47f9-4aa7-980d-7e84e9896e7b}</UniqueIdentifier>
    </Filter>
    <Filter Include="Source Files\core\oslib">
      <UniqueIdentifier>{b1a1e0b1-66ee-47c7-bce1-d4de05abd4e3}</UniqueIdentifier>
    </Filter>
    <Filter Include="Source Files\core\my">
      <UniqueIdentifier>{685fa084-480b-4c5c-9fad-390724199c94}</UniqueIdentifier>
    </Filter>
    <Filter Include="Source Files\core\libgcc">
      <UniqueIdentifier>{124a511a-4311-43a1-9652-0d0e0856b7b3}</UniqueIdentifier>
    </Filter>
    <Filter Include="Source Files\core\v7">
      <UniqueIdentifier>{68291464-da3f-4aba-a162-dce71efe4110}</UniqueIdentifier>
    </Filter>
    <Filter Include="Source Files\core\x32">
      <UniqueIdentifier>{77724971-4059-47d6-ae39-a56c4a3a56b7}</UniqueIdentifier>
    </Filter>
    <Filter Include="Source Files\rt">
      <UniqueIdentifier>{4c01bcca-92e4-4288-b769-4f9454a6da6c}</UniqueIdentifier>
    </Filter>
    <Filter Include="Header Files\miniz">
      <UniqueIdentifier>{d1c92575-3775-49f2-85d0-4f507d0a1595}</UniqueIdentifier>
    </Filter>
    <Filter Include="Source Files\core\miniz">
      <UniqueIdentifier>{d79a2f87-335c-4b7f-8a46-8b75ac94e75f}</UniqueIdentifier>
    </Filter>
    <Filter Include="Source Files\core\x64">
      <UniqueIdentifier>{7b48e7e5-4043-4dfc-9dea-53f0c6d11375}</UniqueIdentifier>
    </Filter>
  </ItemGroup>
  <ItemGroup>
    <ClInclude Include="..\..\core\include\commandline.h">
      <Filter>Header Files</Filter>
    </ClInclude>
    <ClInclude Include="..\..\core\include\datamanager.h">
      <Filter>Header Files</Filter>
    </ClInclude>
    <ClInclude Include="..\..\core\include\device.h">
      <Filter>Header Files</Filter>
    </ClInclude>
    <ClInclude Include="..\..\core\include\devicemanager.h">
      <Filter>Header Files</Filter>
    </ClInclude>
    <ClInclude Include="..\..\core\include\features.h">
      <Filter>Header Files</Filter>
    </ClInclude>
    <ClInclude Include="..\..\core\include\font.h">
      <Filter>Header Files</Filter>
    </ClInclude>
    <ClInclude Include="..\..\core\include\fontc.h">
      <Filter>Header Files</Filter>
    </ClInclude>
    <ClInclude Include="..\..\core\include\guiprimitive.h">
      <Filter>Header Files</Filter>
    </ClInclude>
    <ClInclude Include="..\..\core\include\kernel.h">
      <Filter>Header Files</Filter>
    </ClInclude>
    <ClInclude Include="..\..\core\include\lls.h">
      <Filter>Header Files</Filter>
    </ClInclude>
    <ClInclude Include="..\..\core\include\memory.h">
      <Filter>Header Files</Filter>
    </ClInclude>
    <ClInclude Include="..\..\core\include\port.h">
      <Filter>Header Files</Filter>
    </ClInclude>
    <ClInclude Include="..\..\core\include\support.h">
      <Filter>Header Files</Filter>
    </ClInclude>
    <ClInclude Include="..\..\core\include\vesalfb.h">
      <Filter>Header Files</Filter>
    </ClInclude>
    <ClInclude Include="..\..\core\include\libgcc\libgcc.h">
      <Filter>Header Files\libgcc</Filter>
    </ClInclude>
    <ClInclude Include="..\..\core\include\bits\wchar.h">
      <Filter>Header Files\bits</Filter>
    </ClInclude>
    <ClInclude Include="..\..\core\include\bits\wordsize.h">
      <Filter>Header Files\bits</Filter>
    </ClInclude>
    <ClInclude Include="..\..\core\include\my\my_string.h">
      <Filter>Header Files\my</Filter>
    </ClInclude>
    <ClInclude Include="..\..\core\include\my\my_vector.h">
      <Filter>Header Files\my</Filter>
    </ClInclude>
    <ClInclude Include="..\..\core\include\oslib\assert.h">
      <Filter>Header Files\oslib</Filter>
    </ClInclude>
    <ClInclude Include="..\..\core\include\oslib\cons.h">
      <Filter>Header Files\oslib</Filter>
    </ClInclude>
    <ClInclude Include="..\..\core\include\oslib\defs.h">
      <Filter>Header Files\oslib</Filter>
    </ClInclude>
    <ClInclude Include="..\..\core\include\oslib\error.h">
      <Filter>Header Files\oslib</Filter>
    </ClInclude>
    <ClInclude Include="..\..\core\include\oslib\hw-arch.h">
      <Filter>Header Files\oslib</Filter>
    </ClInclude>
    <ClInclude Include="..\..\core\include\oslib\hw-data.h">
      <Filter>Header Files\oslib</Filter>
    </ClInclude>
    <ClInclude Include="..\..\core\include\oslib\hw-func.h">
      <Filter>Header Files\oslib</Filter>
    </ClInclude>
    <ClInclude Include="..\..\core\include\oslib\hw-instr.h">
      <Filter>Header Files\oslib</Filter>
    </ClInclude>
    <ClInclude Include="..\..\core\include\oslib\hw-io.h">
      <Filter>Header Files\oslib</Filter>
    </ClInclude>
    <ClInclude Include="..\..\core\include\oslib\int.h">
      <Filter>Header Files\oslib</Filter>
    </ClInclude>
    <ClInclude Include="..\..\core\include\oslib\linkage.h">
      <Filter>Header Files\oslib</Filter>
    </ClInclude>
    <ClInclude Include="..\..\core\include\oslib\losrt.h">
      <Filter>Header Files\oslib</Filter>
    </ClInclude>
    <ClInclude Include="..\..\core\include\oslib\math.h">
      <Filter>Header Files\oslib</Filter>
    </ClInclude>
    <ClInclude Include="..\..\core\include\oslib\mb-hdr.h">
      <Filter>Header Files\oslib</Filter>
    </ClInclude>
    <ClInclude Include="..\..\core\include\oslib\mb-info.h">
      <Filter>Header Files\oslib</Filter>
    </ClInclude>
    <ClInclude Include="..\..\core\include\oslib\mem.h">
      <Filter>Header Files\oslib</Filter>
    </ClInclude>
    <ClInclude Include="..\..\core\include\oslib\oslibstdio.h">
      <Filter>Header Files\oslib</Filter>
    </ClInclude>
    <ClInclude Include="..\..\core\include\oslib\oslibstdlib.h">
      <Filter>Header Files\oslib</Filter>
    </ClInclude>
    <ClInclude Include="..\..\core\include\oslib\pic.h">
      <Filter>Header Files\oslib</Filter>
    </ClInclude>
    <ClInclude Include="..\..\core\include\oslib\pit.h">
      <Filter>Header Files\oslib</Filter>
    </ClInclude>
    <ClInclude Include="..\..\core\include\oslib\sel.h">
      <Filter>Header Files\oslib</Filter>
    </ClInclude>
    <ClInclude Include="..\..\core\include\oslib\setjmp.h">
      <Filter>Header Files\oslib</Filter>
    </ClInclude>
    <ClInclude Include="..\..\core\include\oslib\stdarg.h">
      <Filter>Header Files\oslib</Filter>
    </ClInclude>
    <ClInclude Include="..\..\core\include\oslib\stddef.h">
      <Filter>Header Files\oslib</Filter>
    </ClInclude>
    <ClInclude Include="..\..\core\include\oslib\stdint.h">
      <Filter>Header Files\oslib</Filter>
    </ClInclude>
    <ClInclude Include="..\..\core\include\oslib\string.h">
      <Filter>Header Files\oslib</Filter>
    </ClInclude>
    <ClInclude Include="..\..\core\include\oslib\time.h">
      <Filter>Header Files\oslib</Filter>
    </ClInclude>
    <ClInclude Include="..\..\core\include\oslib\tss-ctx.h">
      <Filter>Header Files\oslib</Filter>
    </ClInclude>
    <ClInclude Include="..\..\core\include\oslib\types.h">
      <Filter>Header Files\oslib</Filter>
    </ClInclude>
    <ClInclude Include="..\..\core\include\oslib\x-bios.h">
      <Filter>Header Files\oslib</Filter>
    </ClInclude>
    <ClInclude Include="..\..\core\include\oslib\x-dos.h">
      <Filter>Header Files\oslib</Filter>
    </ClInclude>
    <ClInclude Include="..\..\core\include\oslib\x-dosmem.h">
      <Filter>Header Files\oslib</Filter>
    </ClInclude>
    <ClInclude Include="..\..\core\include\sys\cdefs.h">
      <Filter>Header Files\sys</Filter>
    </ClInclude>
    <ClInclude Include="..\..\core\include\warp\vector.h">
      <Filter>Header Files\warp</Filter>
    </ClInclude>
    <ClInclude Include="..\..\core\include\v7\v7.h">
      <Filter>Header Files\v7</Filter>
    </ClInclude>
  </ItemGroup>
  <ItemGroup>
    <ClCompile Include="..\..\core\libgcc\__divdi3.c">
      <Filter>Source Files\core\libgcc</Filter>
    </ClCompile>
    <ClCompile Include="..\..\core\libgcc\__divmoddi4.c">
      <Filter>Source Files\core\libgcc</Filter>
    </ClCompile>
    <ClCompile Include="..\..\core\libgcc\__moddi3.c">
      <Filter>Source Files\core\libgcc</Filter>
    </ClCompile>
    <ClCompile Include="..\..\core\libgcc\__udivdi3.c">
      <Filter>Source Files\core\libgcc</Filter>
    </ClCompile>
    <ClCompile Include="..\..\core\libgcc\__udivmoddi4.c">
      <Filter>Source Files\core\libgcc</Filter>
    </ClCompile>
    <ClCompile Include="..\..\core\libgcc\__umoddi3.c">
      <Filter>Source Files\core\libgcc</Filter>
    </ClCompile>
    <ClCompile Include="..\..\core\libgcc\icc.c">
      <Filter>Source Files\core\libgcc</Filter>
    </ClCompile>
    <ClCompile Include="..\..\core\libgcc\implicit.c">
      <Filter>Source Files\core\libgcc</Filter>
    </ClCompile>
    <ClCompile Include="..\..\core\my\my_string.cpp">
      <Filter>Source Files\core\my</Filter>
    </ClCompile>
    <ClCompile Include="..\..\core\my\my_string_test.cpp">
      <Filter>Source Files\core\my</Filter>
    </ClCompile>
    <ClCompile Include="..\..\core\my\my_vector_test.cpp">
      <Filter>Source Files\core\my</Filter>
    </ClCompile>
    <ClCompile Include="..\..\core\oslib\ccpu.c">
      <Filter>Source Files\core\oslib</Filter>
    </ClCompile>
    <ClCompile Include="..\..\core\oslib\ctxsw.c">
      <Filter>Source Files\core\oslib</Filter>
    </ClCompile>
    <ClCompile Include="..\..\core\oslib\fpu.c">
      <Filter>Source Files\core\oslib</Filter>
    </ClCompile>
    <ClCompile Include="..\..\core\oslib\idtinit.c">
      <Filter>Source Files\core\oslib</Filter>
    </ClCompile>
    <ClCompile Include="..\..\core\oslib\irq.c">
      <Filter>Source Files\core\oslib</Filter>
    </ClCompile>
    <ClCompile Include="..\..\core\oslib\losrt.c">
      <Filter>Source Files\core\oslib</Filter>
    </ClCompile>
    <ClCompile Include="..\..\core\oslib\math.c">
      <Filter>Source Files\core\oslib</Filter>
    </ClCompile>
    <ClCompile Include="..\..\core\oslib\setjmp.c">
      <Filter>Source Files\core\oslib</Filter>
    </ClCompile>
    <ClCompile Include="..\..\core\oslib\time.c">
      <Filter>Source Files\core\oslib</Filter>
    </ClCompile>
    <ClCompile Include="..\..\core\oslib\vm86.c">
      <Filter>Source Files\core\oslib</Filter>
    </ClCompile>
    <ClCompile Include="..\..\core\oslib\x1.c">
      <Filter>Source Files\core\oslib</Filter>
    </ClCompile>
    <ClCompile Include="..\..\core\oslib\xbios.c">
      <Filter>Source Files\core\oslib</Filter>
    </ClCompile>
    <ClCompile Include="..\..\core\oslib\xconv.c">
      <Filter>Source Files\core\oslib</Filter>
    </ClCompile>
    <ClCompile Include="..\..\core\oslib\xdosf.c">
      <Filter>Source Files\core\oslib</Filter>
    </ClCompile>
    <ClCompile Include="..\..\core\oslib\xdosm.c">
      <Filter>Source Files\core\oslib</Filter>
    </ClCompile>
    <ClCompile Include="..\..\core\oslib\xinfo.c">
      <Filter>Source Files\core\oslib</Filter>
    </ClCompile>
    <ClCompile Include="..\..\core\oslib\xinit.c">
      <Filter>Source Files\core\oslib</Filter>
    </ClCompile>
    <ClCompile Include="..\..\core\oslib\xsystab.c">
      <Filter>Source Files\core\oslib</Filter>
    </ClCompile>
    <ClCompile Include="..\..\core\v7\v7.c">
      <Filter>Source Files\core\v7</Filter>
    </ClCompile>
    <ClCompile Include="..\..\core\x32\commandline.cpp">
      <Filter>Source Files\core\x32</Filter>
    </ClCompile>
    <ClCompile Include="..\..\core\x32\datamanager.cpp">
      <Filter>Source Files\core\x32</Filter>
    </ClCompile>
    <ClCompile Include="..\..\core\x32\font.cpp">
      <Filter>Source Files\core\x32</Filter>
    </ClCompile>
    <ClCompile Include="..\..\core\x32\guiprimitive.cpp">
      <Filter>Source Files\core\x32</Filter>
    </ClCompile>
    <ClCompile Include="..\..\core\x32\kernel8font.c">
      <Filter>Source Files\core\x32</Filter>
    </ClCompile>
    <ClCompile Include="..\..\core\x32\kernel12font.c">
      <Filter>Source Files\core\x32</Filter>
    </ClCompile>
    <ClCompile Include="..\..\core\x32\kernel16font.c">
      <Filter>Source Files\core\x32</Filter>
    </ClCompile>
    <ClCompile Include="..\..\core\x32\lls.cpp">
      <Filter>Source Files\core\x32</Filter>
    </ClCompile>
    <ClCompile Include="..\..\core\x32\main.cpp">
      <Filter>Source Files\core\x32</Filter>
    </ClCompile>
    <ClCompile Include="..\..\core\x32\memory.cpp">
      <Filter>Source Files\core\x32</Filter>
    </ClCompile>
    <ClCompile Include="..\..\core\x32\stacksmash.c">
      <Filter>Source Files\core\x32</Filter>
    </ClCompile>
    <ClCompile Include="..\..\core\x32\support.cpp">
      <Filter>Source Files\core\x32</Filter>
    </ClCompile>
    <ClCompile Include="..\..\core\x32\vesalfb.cpp">
      <Filter>Source Files\core\x32</Filter>
    </ClCompile>
    <ClCompile Include="..\..\core\miniz\example1.c">
      <Filter>Source Files\core\miniz</Filter>
    </ClCompile>
    <ClCompile Include="..\..\core\miniz\example2.c">
      <Filter>Source Files\core\miniz</Filter>
    </ClCompile>
    <ClCompile Include="..\..\core\miniz\example3.c">
      <Filter>Source Files\core\miniz</Filter>
    </ClCompile>
    <ClCompile Include="..\..\core\miniz\example4.c">
      <Filter>Source Files\core\miniz</Filter>
    </ClCompile>
    <ClCompile Include="..\..\core\miniz\example5.c">
      <Filter>Source Files\core\miniz</Filter>
    </ClCompile>
    <ClCompile Include="..\..\core\miniz\example6.c">
      <Filter>Source Files\core\miniz</Filter>
    </ClCompile>
    <ClCompile Include="..\..\core\miniz\miniz.c">
      <Filter>Source Files\core\miniz</Filter>
    </ClCompile>
    <ClCompile Include="..\..\core\oslib\assert.c">
      <Filter>Source Files\core\oslib</Filter>
    </ClCompile>
  </ItemGroup>
  <ItemGroup>
    <None Include="..\..\core\libgcc\Makefile">
      <Filter>Source Files\core\libgcc</Filter>
    </None>
    <None Include="..\..\core\my\Makefile">
      <Filter>Source Files\core\my</Filter>
    </None>
    <None Include="..\..\core\oslib\cpu2.s">
      <Filter>Source Files\core\oslib</Filter>
    </None>
    <None Include="..\..\core\oslib\ctx.s">
      <Filter>Source Files\core\oslib</Filter>
    </None>
    <None Include="..\..\core\oslib\exc.s">
      <Filter>Source Files\core\oslib</Filter>
    </None>
    <None Include="..\..\core\oslib\Makefile">
      <Filter>Source Files\core\oslib</Filter>
    </None>
    <None Include="..\..\core\oslib\mem.s">
      <Filter>Source Files\core\oslib</Filter>
    </None>
    <None Include="..\..\core\oslib\x0.s">
      <Filter>Source Files\core\oslib</Filter>
    </None>
    <None Include="..\..\core\oslib\xsys0.s">
      <Filter>Source Files\core\oslib</Filter>
    </None>
    <None Include="..\..\core\v7\CONTRIBUTING.md">
      <Filter>Source Files\core\v7</Filter>
    </None>
    <None Include="..\..\core\v7\LICENSE">
      <Filter>Source Files\core\v7</Filter>
    </None>
    <None Include="..\..\core\v7\Makefile">
      <Filter>Source Files\core\v7</Filter>
    </None>
    <None Include="..\..\core\v7\Makefile.old">
      <Filter>Source Files\core\v7</Filter>
    </None>
    <None Include="..\..\core\v7\README.md">
      <Filter>Source Files\core\v7</Filter>
    </None>
    <None Include="..\..\core\v7\ReleaseNotes.md">
      <Filter>Source Files\core\v7</Filter>
    </None>
    <None Include="..\..\core\x32\link.ld">
      <Filter>Source Files\core\x32</Filter>
    </None>
    <None Include="..\..\core\x32\Makefile">
      <Filter>Source Files\core\x32</Filter>
    </None>
    <None Include="..\..\Makefile">
      <Filter>Source Files</Filter>
    </None>
    <None Include="..\..\README.md">
      <Filter>Source Files</Filter>
    </None>
    <None Include="..\..\Folders.md">
      <Filter>Source Files</Filter>
    </None>
    <None Include="..\..\core\miniz\Makefile">
      <Filter>Source Files\core\miniz</Filter>
    </None>
  </ItemGroup>
  <ItemGroup>
    <Text Include="..\..\core\my\README_STRING.txt">
      <Filter>Source Files\core\my</Filter>
    </Text>
    <Text Include="..\..\core\my\README_VECTOR.txt">
      <Filter>Source Files\core\my</Filter>
    </Text>
  </ItemGroup>
</Project>